// !$*UTF8*$!
{
	archiveVersion = 1;
	classes = {
	};
	objectVersion = 46;
	objects = {

/* Begin PBXBuildFile section */
		8DF7C6F51E57A8B700723C0C /* LWCore.m in Sources */ = {isa = PBXBuildFile; fileRef = 8D13AD671E5721F000F8F981 /* LWCore.m */; };
		8DF7C6F61E57A8BA00723C0C /* LWInterfaceView.m in Sources */ = {isa = PBXBuildFile; fileRef = 8D13AD6A1E57224B00F8F981 /* LWInterfaceView.m */; };
		8DF7C6F71E57A8BD00723C0C /* LWScrollView.m in Sources */ = {isa = PBXBuildFile; fileRef = 8D13AD6D1E57225D00F8F981 /* LWScrollView.m */; };
		8DF7C6F81E57A8C000723C0C /* LWScrollViewContainer.m in Sources */ = {isa = PBXBuildFile; fileRef = 8D13AD741E57240E00F8F981 /* LWScrollViewContainer.m */; };
/* End PBXBuildFile section */

/* Begin PBXContainerItemProxy section */
		8D13ADA31E572B7300F8F981 /* PBXContainerItemProxy */ = {
			isa = PBXContainerItemProxy;
			containerPortal = 8D13AD9F1E572B7300F8F981 /* LockWatchBase.xcodeproj */;
			proxyType = 2;
			remoteGlobalIDString = 8D13AD531E57207900F8F981;
			remoteInfo = LockWatchBase;
		};
		8D13ADA81E572B8100F8F981 /* PBXContainerItemProxy */ = {
			isa = PBXContainerItemProxy;
			containerPortal = 8D13AD9F1E572B7300F8F981 /* LockWatchBase.xcodeproj */;
			proxyType = 1;
			remoteGlobalIDString = 8D13AD521E57207900F8F981;
			remoteInfo = LockWatchBase;
		};
		8D13ADAC1E57691F00F8F981 /* PBXContainerItemProxy */ = {
			isa = PBXContainerItemProxy;
			containerPortal = 8D13AD9F1E572B7300F8F981 /* LockWatchBase.xcodeproj */;
			proxyType = 1;
			remoteGlobalIDString = 8D13AD521E57207900F8F981;
			remoteInfo = LockWatchBase;
		};
		8DF7C6F31E57A8B200723C0C /* PBXContainerItemProxy */ = {
			isa = PBXContainerItemProxy;
			containerPortal = 8D13ADA51E572B7D00F8F981 /* WatchFaces.xcodeproj */;
			proxyType = 2;
			remoteGlobalIDString = 8DF7C6E31E577C7400723C0C;
			remoteInfo = Simple;
		};
		8DF7C71A1E57C21500723C0C /* PBXContainerItemProxy */ = {
			isa = PBXContainerItemProxy;
			containerPortal = 8D13ADA51E572B7D00F8F981 /* WatchFaces.xcodeproj */;
			proxyType = 1;
			remoteGlobalIDString = 8DF7C6E21E577C7400723C0C;
			remoteInfo = Simple;
		};
		8DF7C7401E58481300723C0C /* PBXContainerItemProxy */ = {
			isa = PBXContainerItemProxy;
			containerPortal = 8D13ADA51E572B7D00F8F981 /* WatchFaces.xcodeproj */;
			proxyType = 1;
			remoteGlobalIDString = 8DF7C72F1E58475300723C0C;
			remoteInfo = Color;
		};
		8DF7C7431E58481400723C0C /* PBXContainerItemProxy */ = {
			isa = PBXContainerItemProxy;
			containerPortal = 8D13ADA51E572B7D00F8F981 /* WatchFaces.xcodeproj */;
			proxyType = 2;
			remoteGlobalIDString = 8DF7C7301E58475300723C0C;
			remoteInfo = Color;
		};
		8DF7C74B1E5848C300723C0C /* PBXContainerItemProxy */ = {
			isa = PBXContainerItemProxy;
			containerPortal = 8D13AD9F1E572B7300F8F981 /* LockWatchBase.xcodeproj */;
			proxyType = 1;
			remoteGlobalIDString = 8D13AD521E57207900F8F981;
			remoteInfo = LockWatchBase;
		};
		8DF7C74D1E5848C500723C0C /* PBXContainerItemProxy */ = {
			isa = PBXContainerItemProxy;
			containerPortal = 8D13ADA51E572B7D00F8F981 /* WatchFaces.xcodeproj */;
			proxyType = 1;
			remoteGlobalIDString = 8DF7C6E21E577C7400723C0C;
			remoteInfo = Simple;
		};
		8DF7C74F1E5848C800723C0C /* PBXContainerItemProxy */ = {
			isa = PBXContainerItemProxy;
			containerPortal = 8D13ADA51E572B7D00F8F981 /* WatchFaces.xcodeproj */;
			proxyType = 1;
			remoteGlobalIDString = 8DF7C72F1E58475300723C0C;
			remoteInfo = Color;
		};
/* End PBXContainerItemProxy section */

/* Begin PBXFileReference section */
		8D13AD351E571E8000F8F981 /* hiddenapp.app */ = {isa = PBXFileReference; explicitFileType = wrapper.application; includeInIndex = 0; path = hiddenapp.app; sourceTree = BUILT_PRODUCTS_DIR; };
		8D13AD5C1E57211E00F8F981 /* Makefile */ = {isa = PBXFileReference; fileEncoding = 4; lastKnownFileType = sourcecode.make; path = Makefile; sourceTree = "<group>"; };
		8D13AD611E57219E00F8F981 /* LockWatch.plist */ = {isa = PBXFileReference; lastKnownFileType = text.plist; path = LockWatch.plist; sourceTree = "<group>"; };
		8D13AD631E5721CA00F8F981 /* LockWatch.h */ = {isa = PBXFileReference; fileEncoding = 4; lastKnownFileType = sourcecode.c.h; path = LockWatch.h; sourceTree = "<group>"; };
		8D13AD641E5721CA00F8F981 /* LockWatch.xm */ = {isa = PBXFileReference; fileEncoding = 4; lastKnownFileType = text; path = LockWatch.xm; sourceTree = "<group>"; };
		8D13AD661E5721F000F8F981 /* LWCore.h */ = {isa = PBXFileReference; fileEncoding = 4; lastKnownFileType = sourcecode.c.h; path = LWCore.h; sourceTree = "<group>"; };
		8D13AD671E5721F000F8F981 /* LWCore.m */ = {isa = PBXFileReference; fileEncoding = 4; lastKnownFileType = sourcecode.c.objc; path = LWCore.m; sourceTree = "<group>"; };
		8D13AD691E57224B00F8F981 /* LWInterfaceView.h */ = {isa = PBXFileReference; fileEncoding = 4; lastKnownFileType = sourcecode.c.h; path = LWInterfaceView.h; sourceTree = "<group>"; };
		8D13AD6A1E57224B00F8F981 /* LWInterfaceView.m */ = {isa = PBXFileReference; fileEncoding = 4; lastKnownFileType = sourcecode.c.objc; path = LWInterfaceView.m; sourceTree = "<group>"; };
		8D13AD6C1E57225C00F8F981 /* LWScrollView.h */ = {isa = PBXFileReference; fileEncoding = 4; lastKnownFileType = sourcecode.c.h; path = LWScrollView.h; sourceTree = "<group>"; };
		8D13AD6D1E57225D00F8F981 /* LWScrollView.m */ = {isa = PBXFileReference; fileEncoding = 4; lastKnownFileType = sourcecode.c.objc; path = LWScrollView.m; sourceTree = "<group>"; };
		8D13AD731E57240E00F8F981 /* LWScrollViewContainer.h */ = {isa = PBXFileReference; fileEncoding = 4; lastKnownFileType = sourcecode.c.h; path = LWScrollViewContainer.h; sourceTree = "<group>"; };
		8D13AD741E57240E00F8F981 /* LWScrollViewContainer.m */ = {isa = PBXFileReference; fileEncoding = 4; lastKnownFileType = sourcecode.c.objc; path = LWScrollViewContainer.m; sourceTree = "<group>"; };
		8D13AD9F1E572B7300F8F981 /* LockWatchBase.xcodeproj */ = {isa = PBXFileReference; lastKnownFileType = "wrapper.pb-project"; name = LockWatchBase.xcodeproj; path = LockWatchBase/LockWatchBase.xcodeproj; sourceTree = "<group>"; };
		8D13ADA51E572B7D00F8F981 /* WatchFaces.xcodeproj */ = {isa = PBXFileReference; lastKnownFileType = "wrapper.pb-project"; name = WatchFaces.xcodeproj; path = WatchFaces/WatchFaces.xcodeproj; sourceTree = "<group>"; };
		8DF7C6FB1E57B06800723C0C /* README.md */ = {isa = PBXFileReference; fileEncoding = 4; lastKnownFileType = net.daringfireball.markdown; path = README.md; sourceTree = "<group>"; };
/* End PBXFileReference section */

/* Begin PBXGroup section */
		8D13AD361E571E8000F8F981 /* Products */ = {
			isa = PBXGroup;
			children = (
				8D13AD351E571E8000F8F981 /* hiddenapp.app */,
			);
			name = Products;
			sourceTree = "<group>";
		};
		8D13AD4D1E571FD000F8F981 /* LockWatch */ = {
			isa = PBXGroup;
			children = (
				8D13AD611E57219E00F8F981 /* LockWatch.plist */,
				8D13AD5C1E57211E00F8F981 /* Makefile */,
				8D13AD661E5721F000F8F981 /* LWCore.h */,
				8D13AD671E5721F000F8F981 /* LWCore.m */,
				8D13AD691E57224B00F8F981 /* LWInterfaceView.h */,
				8D13AD6A1E57224B00F8F981 /* LWInterfaceView.m */,
				8D13AD6C1E57225C00F8F981 /* LWScrollView.h */,
				8D13AD6D1E57225D00F8F981 /* LWScrollView.m */,
				8D13AD731E57240E00F8F981 /* LWScrollViewContainer.h */,
				8D13AD741E57240E00F8F981 /* LWScrollViewContainer.m */,
				8D13AD631E5721CA00F8F981 /* LockWatch.h */,
				8D13AD641E5721CA00F8F981 /* LockWatch.xm */,
			);
			path = LockWatch;
			sourceTree = "<group>";
		};
		8D13ADA01E572B7300F8F981 /* Products */ = {
			isa = PBXGroup;
			children = (
				8D13ADA41E572B7300F8F981 /* LockWatchBase.framework */,
			);
			name = Products;
			sourceTree = "<group>";
		};
		8D13ADA61E572B7D00F8F981 /* Products */ = {
			isa = PBXGroup;
			children = (
				8DF7C6F41E57A8B200723C0C /* Simple.watchface */,
				8DF7C7441E58481400723C0C /* Color.watchface */,
			);
			name = Products;
			sourceTree = "<group>";
		};
		8D53FB281E5700E90042EA2C = {
			isa = PBXGroup;
			children = (
				8DF7C6FB1E57B06800723C0C /* README.md */,
				8D13AD4D1E571FD000F8F981 /* LockWatch */,
				8D13AD9F1E572B7300F8F981 /* LockWatchBase.xcodeproj */,
				8D13ADA51E572B7D00F8F981 /* WatchFaces.xcodeproj */,
				8D13AD361E571E8000F8F981 /* Products */,
			);
			sourceTree = "<group>";
		};
/* End PBXGroup section */

/* Begin PBXLegacyTarget section */
		8D13AD2D1E571DEA00F8F981 /* Build */ = {
			isa = PBXLegacyTarget;
			buildArgumentsString = "-B";
			buildConfigurationList = 8D13AD2E1E571DEA00F8F981 /* Build configuration list for PBXLegacyTarget "Build" */;
			buildPhases = (
			);
			buildToolPath = /usr/bin/make;
			buildWorkingDirectory = "$(PROJECT_DIR)/$(PROJECT)";
			dependencies = (
				8DF7C7411E58481300723C0C /* PBXTargetDependency */,
				8DF7C71B1E57C21500723C0C /* PBXTargetDependency */,
				8D13ADA91E572B8100F8F981 /* PBXTargetDependency */,
			);
			name = Build;
			passBuildSettingsInEnvironment = 1;
			productName = Simulator;
		};
		8DF7C7471E5848B300723C0C /* Install */ = {
			isa = PBXLegacyTarget;
			buildArgumentsString = "do -B";
			buildConfigurationList = 8DF7C7481E5848B400723C0C /* Build configuration list for PBXLegacyTarget "Install" */;
			buildPhases = (
			);
			buildToolPath = /usr/bin/make;
			buildWorkingDirectory = "$(PROJECT_DIR)/$(PROJECT)";
			dependencies = (
				8DF7C7501E5848C800723C0C /* PBXTargetDependency */,
				8DF7C74E1E5848C500723C0C /* PBXTargetDependency */,
				8DF7C74C1E5848C300723C0C /* PBXTargetDependency */,
			);
			name = Install;
			passBuildSettingsInEnvironment = 1;
			productName = Install;
		};
/* End PBXLegacyTarget section */

/* Begin PBXNativeTarget section */
		8D13AD341E571E8000F8F981 /* hiddenapp */ = {
			isa = PBXNativeTarget;
			buildConfigurationList = 8D13AD4A1E571E8100F8F981 /* Build configuration list for PBXNativeTarget "hiddenapp" */;
			buildPhases = (
				8DF7C6F11E57A8B200723C0C /* Sources */,
			);
			buildRules = (
			);
			dependencies = (
				8D13ADAD1E57691F00F8F981 /* PBXTargetDependency */,
			);
			name = hiddenapp;
			productName = hiddenapp;
			productReference = 8D13AD351E571E8000F8F981 /* hiddenapp.app */;
			productType = "com.apple.product-type.application";
		};
/* End PBXNativeTarget section */

/* Begin PBXProject section */
		8D53FB291E5700E90042EA2C /* Project object */ = {
			isa = PBXProject;
			attributes = {
				LastUpgradeCheck = 0820;
				TargetAttributes = {
					8D13AD2D1E571DEA00F8F981 = {
						CreatedOnToolsVersion = 8.2.1;
						DevelopmentTeam = EDV7C8ZP77;
						ProvisioningStyle = Automatic;
					};
					8D13AD341E571E8000F8F981 = {
						CreatedOnToolsVersion = 8.2.1;
						DevelopmentTeam = EDV7C8ZP77;
						ProvisioningStyle = Automatic;
					};
					8DF7C7471E5848B300723C0C = {
						CreatedOnToolsVersion = 8.2.1;
						DevelopmentTeam = EDV7C8ZP77;
						ProvisioningStyle = Automatic;
					};
				};
			};
			buildConfigurationList = 8D53FB2C1E5700E90042EA2C /* Build configuration list for PBXProject "LockWatch" */;
			compatibilityVersion = "Xcode 3.2";
			developmentRegion = English;
			hasScannedForEncodings = 0;
			knownRegions = (
				en,
				Base,
			);
			mainGroup = 8D53FB281E5700E90042EA2C;
			productRefGroup = 8D13AD361E571E8000F8F981 /* Products */;
			projectDirPath = "";
			projectReferences = (
				{
					ProductGroup = 8D13ADA01E572B7300F8F981 /* Products */;
					ProjectRef = 8D13AD9F1E572B7300F8F981 /* LockWatchBase.xcodeproj */;
				},
				{
					ProductGroup = 8D13ADA61E572B7D00F8F981 /* Products */;
					ProjectRef = 8D13ADA51E572B7D00F8F981 /* WatchFaces.xcodeproj */;
				},
			);
			projectRoot = "";
			targets = (
				8D13AD2D1E571DEA00F8F981 /* Build */,
				8DF7C7471E5848B300723C0C /* Install */,
				8D13AD341E571E8000F8F981 /* hiddenapp */,
			);
		};
/* End PBXProject section */

/* Begin PBXReferenceProxy section */
		8D13ADA41E572B7300F8F981 /* LockWatchBase.framework */ = {
			isa = PBXReferenceProxy;
			fileType = wrapper.framework;
			path = LockWatchBase.framework;
			remoteRef = 8D13ADA31E572B7300F8F981 /* PBXContainerItemProxy */;
			sourceTree = BUILT_PRODUCTS_DIR;
		};
		8DF7C6F41E57A8B200723C0C /* Simple.watchface */ = {
			isa = PBXReferenceProxy;
			fileType = wrapper.cfbundle;
			path = Simple.watchface;
			remoteRef = 8DF7C6F31E57A8B200723C0C /* PBXContainerItemProxy */;
			sourceTree = BUILT_PRODUCTS_DIR;
		};
		8DF7C7441E58481400723C0C /* Color.watchface */ = {
			isa = PBXReferenceProxy;
			fileType = wrapper.cfbundle;
			path = Color.watchface;
			remoteRef = 8DF7C7431E58481400723C0C /* PBXContainerItemProxy */;
			sourceTree = BUILT_PRODUCTS_DIR;
		};
/* End PBXReferenceProxy section */

/* Begin PBXSourcesBuildPhase section */
		8DF7C6F11E57A8B200723C0C /* Sources */ = {
			isa = PBXSourcesBuildPhase;
			buildActionMask = 2147483647;
			files = (
				8DF7C6F51E57A8B700723C0C /* LWCore.m in Sources */,
				8DF7C6F71E57A8BD00723C0C /* LWScrollView.m in Sources */,
				8DF7C6F81E57A8C000723C0C /* LWScrollViewContainer.m in Sources */,
				8DF7C6F61E57A8BA00723C0C /* LWInterfaceView.m in Sources */,
			);
			runOnlyForDeploymentPostprocessing = 0;
		};
/* End PBXSourcesBuildPhase section */

/* Begin PBXTargetDependency section */
		8D13ADA91E572B8100F8F981 /* PBXTargetDependency */ = {
			isa = PBXTargetDependency;
			name = LockWatchBase;
			targetProxy = 8D13ADA81E572B8100F8F981 /* PBXContainerItemProxy */;
		};
		8D13ADAD1E57691F00F8F981 /* PBXTargetDependency */ = {
			isa = PBXTargetDependency;
			name = LockWatchBase;
			targetProxy = 8D13ADAC1E57691F00F8F981 /* PBXContainerItemProxy */;
		};
		8DF7C71B1E57C21500723C0C /* PBXTargetDependency */ = {
			isa = PBXTargetDependency;
			name = Simple;
			targetProxy = 8DF7C71A1E57C21500723C0C /* PBXContainerItemProxy */;
		};
		8DF7C7411E58481300723C0C /* PBXTargetDependency */ = {
			isa = PBXTargetDependency;
			name = Color;
			targetProxy = 8DF7C7401E58481300723C0C /* PBXContainerItemProxy */;
		};
		8DF7C74C1E5848C300723C0C /* PBXTargetDependency */ = {
			isa = PBXTargetDependency;
			name = LockWatchBase;
			targetProxy = 8DF7C74B1E5848C300723C0C /* PBXContainerItemProxy */;
		};
		8DF7C74E1E5848C500723C0C /* PBXTargetDependency */ = {
			isa = PBXTargetDependency;
			name = Simple;
			targetProxy = 8DF7C74D1E5848C500723C0C /* PBXContainerItemProxy */;
		};
		8DF7C7501E5848C800723C0C /* PBXTargetDependency */ = {
			isa = PBXTargetDependency;
			name = Color;
			targetProxy = 8DF7C74F1E5848C800723C0C /* PBXContainerItemProxy */;
		};
/* End PBXTargetDependency section */

/* Begin XCBuildConfiguration section */
		8D13AD2F1E571DEA00F8F981 /* Debug */ = {
			isa = XCBuildConfiguration;
			buildSettings = {
				ALWAYS_SEARCH_USER_PATHS = NO;
				CLANG_ANALYZER_NONNULL = YES;
				CLANG_CXX_LANGUAGE_STANDARD = "gnu++0x";
				CLANG_CXX_LIBRARY = "libc++";
				CLANG_ENABLE_MODULES = YES;
				CLANG_ENABLE_OBJC_ARC = YES;
				CLANG_WARN_BOOL_CONVERSION = YES;
				CLANG_WARN_CONSTANT_CONVERSION = YES;
				CLANG_WARN_DIRECT_OBJC_ISA_USAGE = YES_ERROR;
				CLANG_WARN_DOCUMENTATION_COMMENTS = YES;
				CLANG_WARN_EMPTY_BODY = YES;
				CLANG_WARN_ENUM_CONVERSION = YES;
				CLANG_WARN_INFINITE_RECURSION = YES;
				CLANG_WARN_INT_CONVERSION = YES;
				CLANG_WARN_OBJC_ROOT_CLASS = YES_ERROR;
				CLANG_WARN_SUSPICIOUS_MOVE = YES;
				CLANG_WARN_UNREACHABLE_CODE = YES;
				CLANG_WARN__DUPLICATE_METHOD_MATCH = YES;
				COPY_PHASE_STRIP = NO;
				DEBUGGING_SYMBOLS = YES;
				DEBUG_INFORMATION_FORMAT = dwarf;
				DEVELOPMENT_TEAM = EDV7C8ZP77;
				ENABLE_STRICT_OBJC_MSGSEND = YES;
				ENABLE_TESTABILITY = YES;
				GCC_C_LANGUAGE_STANDARD = gnu99;
				GCC_DYNAMIC_NO_PIC = NO;
				GCC_GENERATE_DEBUGGING_SYMBOLS = YES;
				GCC_NO_COMMON_BLOCKS = YES;
				GCC_OPTIMIZATION_LEVEL = 0;
				GCC_PREPROCESSOR_DEFINITIONS = (
					"DEBUG=1",
					"$(inherited)",
				);
				GCC_WARN_64_TO_32_BIT_CONVERSION = YES;
				GCC_WARN_ABOUT_RETURN_TYPE = YES_ERROR;
				GCC_WARN_UNDECLARED_SELECTOR = YES;
				GCC_WARN_UNINITIALIZED_AUTOS = YES_AGGRESSIVE;
				GCC_WARN_UNUSED_FUNCTION = YES;
				GCC_WARN_UNUSED_VARIABLE = YES;
				MTL_ENABLE_DEBUG_INFO = YES;
				ONLY_ACTIVE_ARCH = YES;
				OTHER_CFLAGS = "";
				OTHER_LDFLAGS = "";
				PRODUCT_NAME = "$(TARGET_NAME)";
			};
			name = Debug;
		};
		8D13AD301E571DEA00F8F981 /* Release */ = {
			isa = XCBuildConfiguration;
			buildSettings = {
				ALWAYS_SEARCH_USER_PATHS = NO;
				CLANG_ANALYZER_NONNULL = YES;
				CLANG_CXX_LANGUAGE_STANDARD = "gnu++0x";
				CLANG_CXX_LIBRARY = "libc++";
				CLANG_ENABLE_MODULES = YES;
				CLANG_ENABLE_OBJC_ARC = YES;
				CLANG_WARN_BOOL_CONVERSION = YES;
				CLANG_WARN_CONSTANT_CONVERSION = YES;
				CLANG_WARN_DIRECT_OBJC_ISA_USAGE = YES_ERROR;
				CLANG_WARN_DOCUMENTATION_COMMENTS = YES;
				CLANG_WARN_EMPTY_BODY = YES;
				CLANG_WARN_ENUM_CONVERSION = YES;
				CLANG_WARN_INFINITE_RECURSION = YES;
				CLANG_WARN_INT_CONVERSION = YES;
				CLANG_WARN_OBJC_ROOT_CLASS = YES_ERROR;
				CLANG_WARN_SUSPICIOUS_MOVE = YES;
				CLANG_WARN_UNREACHABLE_CODE = YES;
				CLANG_WARN__DUPLICATE_METHOD_MATCH = YES;
				COPY_PHASE_STRIP = NO;
				DEBUG_INFORMATION_FORMAT = "dwarf-with-dsym";
				DEVELOPMENT_TEAM = EDV7C8ZP77;
				ENABLE_NS_ASSERTIONS = NO;
				ENABLE_STRICT_OBJC_MSGSEND = YES;
				GCC_C_LANGUAGE_STANDARD = gnu99;
				GCC_NO_COMMON_BLOCKS = YES;
				GCC_WARN_64_TO_32_BIT_CONVERSION = YES;
				GCC_WARN_ABOUT_RETURN_TYPE = YES_ERROR;
				GCC_WARN_UNDECLARED_SELECTOR = YES;
				GCC_WARN_UNINITIALIZED_AUTOS = YES_AGGRESSIVE;
				GCC_WARN_UNUSED_FUNCTION = YES;
				GCC_WARN_UNUSED_VARIABLE = YES;
				MTL_ENABLE_DEBUG_INFO = NO;
				OTHER_CFLAGS = "";
				OTHER_LDFLAGS = "";
				PRODUCT_NAME = "$(TARGET_NAME)";
			};
			name = Release;
		};
		8D13AD4B1E571E8100F8F981 /* Debug */ = {
			isa = XCBuildConfiguration;
			buildSettings = {
				ALWAYS_SEARCH_USER_PATHS = NO;
				ASSETCATALOG_COMPILER_APPICON_NAME = AppIcon;
				CLANG_ANALYZER_NONNULL = YES;
				CLANG_CXX_LANGUAGE_STANDARD = "gnu++0x";
				CLANG_CXX_LIBRARY = "libc++";
				CLANG_ENABLE_MODULES = YES;
				CLANG_ENABLE_OBJC_ARC = YES;
				CLANG_WARN_BOOL_CONVERSION = YES;
				CLANG_WARN_CONSTANT_CONVERSION = YES;
				CLANG_WARN_DIRECT_OBJC_ISA_USAGE = YES_ERROR;
				CLANG_WARN_DOCUMENTATION_COMMENTS = YES;
				CLANG_WARN_EMPTY_BODY = YES;
				CLANG_WARN_ENUM_CONVERSION = YES;
				CLANG_WARN_INFINITE_RECURSION = YES;
				CLANG_WARN_INT_CONVERSION = YES;
				CLANG_WARN_OBJC_ROOT_CLASS = YES_ERROR;
				CLANG_WARN_SUSPICIOUS_MOVE = YES;
				CLANG_WARN_UNREACHABLE_CODE = YES;
				CLANG_WARN__DUPLICATE_METHOD_MATCH = YES;
				"CODE_SIGN_IDENTITY[sdk=iphoneos*]" = "iPhone Developer";
				COPY_PHASE_STRIP = NO;
				DEBUG_INFORMATION_FORMAT = dwarf;
				DEVELOPMENT_TEAM = EDV7C8ZP77;
				ENABLE_STRICT_OBJC_MSGSEND = YES;
				ENABLE_TESTABILITY = YES;
				GCC_C_LANGUAGE_STANDARD = gnu99;
				GCC_DYNAMIC_NO_PIC = NO;
				GCC_NO_COMMON_BLOCKS = YES;
				GCC_OPTIMIZATION_LEVEL = 0;
				GCC_PREPROCESSOR_DEFINITIONS = (
					"DEBUG=1",
					"$(inherited)",
				);
				GCC_WARN_64_TO_32_BIT_CONVERSION = YES;
				GCC_WARN_ABOUT_RETURN_TYPE = YES_ERROR;
				GCC_WARN_UNDECLARED_SELECTOR = YES;
				GCC_WARN_UNINITIALIZED_AUTOS = YES_AGGRESSIVE;
				GCC_WARN_UNUSED_FUNCTION = YES;
				GCC_WARN_UNUSED_VARIABLE = YES;
				INFOPLIST_FILE = hiddenapp/Info.plist;
				IPHONEOS_DEPLOYMENT_TARGET = 10.2;
				LD_RUNPATH_SEARCH_PATHS = "$(inherited) @executable_path/Frameworks";
				MTL_ENABLE_DEBUG_INFO = YES;
				ONLY_ACTIVE_ARCH = YES;
				PRODUCT_BUNDLE_IDENTIFIER = ml.festival.hiddenapp;
				PRODUCT_NAME = "$(TARGET_NAME)";
				SDKROOT = iphoneos;
				TARGETED_DEVICE_FAMILY = "1,2";
			};
			name = Debug;
		};
		8D13AD4C1E571E8100F8F981 /* Release */ = {
			isa = XCBuildConfiguration;
			buildSettings = {
				ALWAYS_SEARCH_USER_PATHS = NO;
				ASSETCATALOG_COMPILER_APPICON_NAME = AppIcon;
				CLANG_ANALYZER_NONNULL = YES;
				CLANG_CXX_LANGUAGE_STANDARD = "gnu++0x";
				CLANG_CXX_LIBRARY = "libc++";
				CLANG_ENABLE_MODULES = YES;
				CLANG_ENABLE_OBJC_ARC = YES;
				CLANG_WARN_BOOL_CONVERSION = YES;
				CLANG_WARN_CONSTANT_CONVERSION = YES;
				CLANG_WARN_DIRECT_OBJC_ISA_USAGE = YES_ERROR;
				CLANG_WARN_DOCUMENTATION_COMMENTS = YES;
				CLANG_WARN_EMPTY_BODY = YES;
				CLANG_WARN_ENUM_CONVERSION = YES;
				CLANG_WARN_INFINITE_RECURSION = YES;
				CLANG_WARN_INT_CONVERSION = YES;
				CLANG_WARN_OBJC_ROOT_CLASS = YES_ERROR;
				CLANG_WARN_SUSPICIOUS_MOVE = YES;
				CLANG_WARN_UNREACHABLE_CODE = YES;
				CLANG_WARN__DUPLICATE_METHOD_MATCH = YES;
				"CODE_SIGN_IDENTITY[sdk=iphoneos*]" = "iPhone Developer";
				COPY_PHASE_STRIP = NO;
				DEBUG_INFORMATION_FORMAT = "dwarf-with-dsym";
				DEVELOPMENT_TEAM = EDV7C8ZP77;
				ENABLE_NS_ASSERTIONS = NO;
				ENABLE_STRICT_OBJC_MSGSEND = YES;
				GCC_C_LANGUAGE_STANDARD = gnu99;
				GCC_NO_COMMON_BLOCKS = YES;
				GCC_WARN_64_TO_32_BIT_CONVERSION = YES;
				GCC_WARN_ABOUT_RETURN_TYPE = YES_ERROR;
				GCC_WARN_UNDECLARED_SELECTOR = YES;
				GCC_WARN_UNINITIALIZED_AUTOS = YES_AGGRESSIVE;
				GCC_WARN_UNUSED_FUNCTION = YES;
				GCC_WARN_UNUSED_VARIABLE = YES;
				INFOPLIST_FILE = hiddenapp/Info.plist;
				IPHONEOS_DEPLOYMENT_TARGET = 10.2;
				LD_RUNPATH_SEARCH_PATHS = "$(inherited) @executable_path/Frameworks";
				MTL_ENABLE_DEBUG_INFO = NO;
				PRODUCT_BUNDLE_IDENTIFIER = ml.festival.hiddenapp;
				PRODUCT_NAME = "$(TARGET_NAME)";
				SDKROOT = iphoneos;
				TARGETED_DEVICE_FAMILY = "1,2";
				VALIDATE_PRODUCT = YES;
			};
			name = Release;
		};
		8D53FB2D1E5700E90042EA2C /* Debug */ = {
			isa = XCBuildConfiguration;
			buildSettings = {
				SDKROOT = iphoneos10.2;
			};
			name = Debug;
		};
		8D53FB2E1E5700E90042EA2C /* Release */ = {
			isa = XCBuildConfiguration;
			buildSettings = {
				SDKROOT = iphoneos10.2;
			};
			name = Release;
		};
		8DF7C7491E5848B400723C0C /* Debug */ = {
			isa = XCBuildConfiguration;
			buildSettings = {
				ALWAYS_SEARCH_USER_PATHS = NO;
				CLANG_ANALYZER_NONNULL = YES;
				CLANG_CXX_LANGUAGE_STANDARD = "gnu++0x";
				CLANG_CXX_LIBRARY = "libc++";
				CLANG_ENABLE_MODULES = YES;
				CLANG_ENABLE_OBJC_ARC = YES;
				CLANG_WARN_BOOL_CONVERSION = YES;
				CLANG_WARN_CONSTANT_CONVERSION = YES;
				CLANG_WARN_DIRECT_OBJC_ISA_USAGE = YES_ERROR;
				CLANG_WARN_DOCUMENTATION_COMMENTS = YES;
				CLANG_WARN_EMPTY_BODY = YES;
				CLANG_WARN_ENUM_CONVERSION = YES;
				CLANG_WARN_INFINITE_RECURSION = YES;
				CLANG_WARN_INT_CONVERSION = YES;
				CLANG_WARN_OBJC_ROOT_CLASS = YES_ERROR;
				CLANG_WARN_SUSPICIOUS_MOVE = YES;
				CLANG_WARN_UNREACHABLE_CODE = YES;
				CLANG_WARN__DUPLICATE_METHOD_MATCH = YES;
				COPY_PHASE_STRIP = NO;
				DEBUGGING_SYMBOLS = YES;
				DEBUG_INFORMATION_FORMAT = dwarf;
				DEVELOPMENT_TEAM = EDV7C8ZP77;
				ENABLE_STRICT_OBJC_MSGSEND = YES;
				ENABLE_TESTABILITY = YES;
				GCC_C_LANGUAGE_STANDARD = gnu99;
				GCC_DYNAMIC_NO_PIC = NO;
				GCC_GENERATE_DEBUGGING_SYMBOLS = YES;
				GCC_NO_COMMON_BLOCKS = YES;
				GCC_OPTIMIZATION_LEVEL = 0;
				GCC_PREPROCESSOR_DEFINITIONS = (
					"DEBUG=1",
					"$(inherited)",
				);
				GCC_WARN_64_TO_32_BIT_CONVERSION = YES;
				GCC_WARN_ABOUT_RETURN_TYPE = YES_ERROR;
				GCC_WARN_UNDECLARED_SELECTOR = YES;
				GCC_WARN_UNINITIALIZED_AUTOS = YES_AGGRESSIVE;
				GCC_WARN_UNUSED_FUNCTION = YES;
				GCC_WARN_UNUSED_VARIABLE = YES;
				MTL_ENABLE_DEBUG_INFO = YES;
				ONLY_ACTIVE_ARCH = YES;
				OTHER_CFLAGS = "";
				OTHER_LDFLAGS = "";
				PRODUCT_NAME = "$(TARGET_NAME)";
			};
			name = Debug;
		};
		8DF7C74A1E5848B400723C0C /* Release */ = {
			isa = XCBuildConfiguration;
			buildSettings = {
				ALWAYS_SEARCH_USER_PATHS = NO;
				CLANG_ANALYZER_NONNULL = YES;
				CLANG_CXX_LANGUAGE_STANDARD = "gnu++0x";
				CLANG_CXX_LIBRARY = "libc++";
				CLANG_ENABLE_MODULES = YES;
				CLANG_ENABLE_OBJC_ARC = YES;
				CLANG_WARN_BOOL_CONVERSION = YES;
				CLANG_WARN_CONSTANT_CONVERSION = YES;
				CLANG_WARN_DIRECT_OBJC_ISA_USAGE = YES_ERROR;
				CLANG_WARN_DOCUMENTATION_COMMENTS = YES;
				CLANG_WARN_EMPTY_BODY = YES;
				CLANG_WARN_ENUM_CONVERSION = YES;
				CLANG_WARN_INFINITE_RECURSION = YES;
				CLANG_WARN_INT_CONVERSION = YES;
				CLANG_WARN_OBJC_ROOT_CLASS = YES_ERROR;
				CLANG_WARN_SUSPICIOUS_MOVE = YES;
				CLANG_WARN_UNREACHABLE_CODE = YES;
				CLANG_WARN__DUPLICATE_METHOD_MATCH = YES;
				COPY_PHASE_STRIP = NO;
				DEBUG_INFORMATION_FORMAT = "dwarf-with-dsym";
				DEVELOPMENT_TEAM = EDV7C8ZP77;
				ENABLE_NS_ASSERTIONS = NO;
				ENABLE_STRICT_OBJC_MSGSEND = YES;
				GCC_C_LANGUAGE_STANDARD = gnu99;
				GCC_NO_COMMON_BLOCKS = YES;
				GCC_WARN_64_TO_32_BIT_CONVERSION = YES;
				GCC_WARN_ABOUT_RETURN_TYPE = YES_ERROR;
				GCC_WARN_UNDECLARED_SELECTOR = YES;
				GCC_WARN_UNINITIALIZED_AUTOS = YES_AGGRESSIVE;
				GCC_WARN_UNUSED_FUNCTION = YES;
				GCC_WARN_UNUSED_VARIABLE = YES;
				MTL_ENABLE_DEBUG_INFO = NO;
				OTHER_CFLAGS = "";
				OTHER_LDFLAGS = "";
				PRODUCT_NAME = "$(TARGET_NAME)";
			};
			name = Release;
		};
/* End XCBuildConfiguration section */

/* Begin XCConfigurationList section */
		8D13AD2E1E571DEA00F8F981 /* Build configuration list for PBXLegacyTarget "Build" */ = {
			isa = XCConfigurationList;
			buildConfigurations = (
				8D13AD2F1E571DEA00F8F981 /* Debug */,
				8D13AD301E571DEA00F8F981 /* Release */,
			);
			defaultConfigurationIsVisible = 0;
			defaultConfigurationName = Release;
		};
		8D13AD4A1E571E8100F8F981 /* Build configuration list for PBXNativeTarget "hiddenapp" */ = {
			isa = XCConfigurationList;
			buildConfigurations = (
				8D13AD4B1E571E8100F8F981 /* Debug */,
				8D13AD4C1E571E8100F8F981 /* Release */,
			);
			defaultConfigurationIsVisible = 0;
			defaultConfigurationName = Release;
		};
		8D53FB2C1E5700E90042EA2C /* Build configuration list for PBXProject "LockWatch" */ = {
			isa = XCConfigurationList;
			buildConfigurations = (
				8D53FB2D1E5700E90042EA2C /* Debug */,
				8D53FB2E1E5700E90042EA2C /* Release */,
			);
			defaultConfigurationIsVisible = 0;
			defaultConfigurationName = Release;
		};
		8DF7C7481E5848B400723C0C /* Build configuration list for PBXLegacyTarget "Install" */ = {
			isa = XCConfigurationList;
			buildConfigurations = (
				8DF7C7491E5848B400723C0C /* Debug */,
				8DF7C74A1E5848B400723C0C /* Release */,
			);
			defaultConfigurationIsVisible = 0;
			defaultConfigurationName = Release;
		};
/* End XCConfigurationList section */
	};
	rootObject = 8D53FB291E5700E90042EA2C /* Project object */;
}
