// !$*UTF8*$!
{
	archiveVersion = 1;
	classes = {
	};
	objectVersion = 46;
	objects = {

/* Begin PBXBuildFile section */
		8D013E761E584D950084078C /* InfoPlist.strings in Resources */ = {isa = PBXBuildFile; fileRef = 8D013E741E584D950084078C /* InfoPlist.strings */; };
		8DC79D8C1E58828700FF0809 /* InfoPlist.strings in Resources */ = {isa = PBXBuildFile; fileRef = 8DC79D8A1E58828700FF0809 /* InfoPlist.strings */; };
		8DF7C6EC1E577D4800723C0C /* LockWatchBase.framework in Frameworks */ = {isa = PBXBuildFile; fileRef = 8DF7C6EB1E577D4800723C0C /* LockWatchBase.framework */; };
		8DF7C6EF1E577D7B00723C0C /* LWWatchFaceSimple.m in Sources */ = {isa = PBXBuildFile; fileRef = 8DF7C6EE1E577D7B00723C0C /* LWWatchFaceSimple.m */; };
		8DF7C73F1E5847E600723C0C /* LWWatchFaceColor.m in Sources */ = {isa = PBXBuildFile; fileRef = 8DF7C73E1E5847E600723C0C /* LWWatchFaceColor.m */; };
		8DF7C7461E58482000723C0C /* LockWatchBase.framework in Frameworks */ = {isa = PBXBuildFile; fileRef = 8DF7C7451E58482000723C0C /* LockWatchBase.framework */; };
/* End PBXBuildFile section */

/* Begin PBXFileReference section */
		8D013E751E584D950084078C /* en */ = {isa = PBXFileReference; lastKnownFileType = text.plist.strings; name = en; path = en.lproj/InfoPlist.strings; sourceTree = "<group>"; };
		8D013E771E584D9E0084078C /* de */ = {isa = PBXFileReference; lastKnownFileType = text.plist.strings; name = de; path = de.lproj/InfoPlist.strings; sourceTree = "<group>"; };
		8DC79D8B1E58828700FF0809 /* en */ = {isa = PBXFileReference; lastKnownFileType = text.plist.strings; name = en; path = en.lproj/InfoPlist.strings; sourceTree = "<group>"; };
		8DC79D8D1E58828C00FF0809 /* de */ = {isa = PBXFileReference; lastKnownFileType = text.plist.strings; name = de; path = de.lproj/InfoPlist.strings; sourceTree = "<group>"; };
		8DF7C6E31E577C7400723C0C /* Simple.watchface */ = {isa = PBXFileReference; explicitFileType = wrapper.cfbundle; includeInIndex = 0; path = Simple.watchface; sourceTree = BUILT_PRODUCTS_DIR; };
		8DF7C6E61E577C7400723C0C /* Info.plist */ = {isa = PBXFileReference; lastKnownFileType = text.plist.xml; path = Info.plist; sourceTree = "<group>"; };
		8DF7C6EB1E577D4800723C0C /* LockWatchBase.framework */ = {isa = PBXFileReference; lastKnownFileType = wrapper.framework; name = LockWatchBase.framework; path = "../LockWatchBase/Build/Products/Debug-iphonesimulator/LockWatchBase.framework"; sourceTree = "<group>"; };
		8DF7C6ED1E577D7B00723C0C /* LWWatchFaceSimple.h */ = {isa = PBXFileReference; fileEncoding = 4; lastKnownFileType = sourcecode.c.h; path = LWWatchFaceSimple.h; sourceTree = "<group>"; };
		8DF7C6EE1E577D7B00723C0C /* LWWatchFaceSimple.m */ = {isa = PBXFileReference; fileEncoding = 4; lastKnownFileType = sourcecode.c.objc; path = LWWatchFaceSimple.m; sourceTree = "<group>"; };
		8DF7C7301E58475300723C0C /* Color.watchface */ = {isa = PBXFileReference; explicitFileType = wrapper.cfbundle; includeInIndex = 0; path = Color.watchface; sourceTree = BUILT_PRODUCTS_DIR; };
		8DF7C7321E58475300723C0C /* Info.plist */ = {isa = PBXFileReference; lastKnownFileType = text.plist.xml; path = Info.plist; sourceTree = "<group>"; };
		8DF7C73D1E5847E600723C0C /* LWWatchFaceColor.h */ = {isa = PBXFileReference; fileEncoding = 4; lastKnownFileType = sourcecode.c.h; path = LWWatchFaceColor.h; sourceTree = "<group>"; };
		8DF7C73E1E5847E600723C0C /* LWWatchFaceColor.m */ = {isa = PBXFileReference; fileEncoding = 4; lastKnownFileType = sourcecode.c.objc; path = LWWatchFaceColor.m; sourceTree = "<group>"; };
		8DF7C7451E58482000723C0C /* LockWatchBase.framework */ = {isa = PBXFileReference; lastKnownFileType = wrapper.framework; name = LockWatchBase.framework; path = "../Build/Products/Debug-iphonesimulator/LockWatchBase.framework"; sourceTree = "<group>"; };
/* End PBXFileReference section */

/* Begin PBXFrameworksBuildPhase section */
		8DF7C6E01E577C7400723C0C /* Frameworks */ = {
			isa = PBXFrameworksBuildPhase;
			buildActionMask = 2147483647;
			files = (
				8DF7C6EC1E577D4800723C0C /* LockWatchBase.framework in Frameworks */,
			);
			runOnlyForDeploymentPostprocessing = 0;
		};
		8DF7C72D1E58475300723C0C /* Frameworks */ = {
			isa = PBXFrameworksBuildPhase;
			buildActionMask = 2147483647;
			files = (
				8DF7C7461E58482000723C0C /* LockWatchBase.framework in Frameworks */,
			);
			runOnlyForDeploymentPostprocessing = 0;
		};
/* End PBXFrameworksBuildPhase section */

/* Begin PBXGroup section */
		8D13AD1D1E571D2600F8F981 = {
			isa = PBXGroup;
			children = (
				8DF7C6E51E577C7400723C0C /* Simple */,
				8DF7C7311E58475300723C0C /* Color */,
				8DF7C6E41E577C7400723C0C /* Products */,
				8DF7C6EA1E577D4800723C0C /* Frameworks */,
			);
			sourceTree = "<group>";
		};
		8DF7C6E41E577C7400723C0C /* Products */ = {
			isa = PBXGroup;
			children = (
				8DF7C6E31E577C7400723C0C /* Simple.watchface */,
				8DF7C7301E58475300723C0C /* Color.watchface */,
			);
			name = Products;
			sourceTree = "<group>";
		};
		8DF7C6E51E577C7400723C0C /* Simple */ = {
			isa = PBXGroup;
			children = (
				8D013E741E584D950084078C /* InfoPlist.strings */,
				8DF7C6E61E577C7400723C0C /* Info.plist */,
				8DF7C6ED1E577D7B00723C0C /* LWWatchFaceSimple.h */,
				8DF7C6EE1E577D7B00723C0C /* LWWatchFaceSimple.m */,
			);
			path = Simple;
			sourceTree = "<group>";
		};
		8DF7C6EA1E577D4800723C0C /* Frameworks */ = {
			isa = PBXGroup;
			children = (
				8DF7C7451E58482000723C0C /* LockWatchBase.framework */,
				8DF7C6EB1E577D4800723C0C /* LockWatchBase.framework */,
			);
			name = Frameworks;
			sourceTree = "<group>";
		};
		8DF7C7311E58475300723C0C /* Color */ = {
			isa = PBXGroup;
			children = (
				8DC79D8A1E58828700FF0809 /* InfoPlist.strings */,
				8DF7C7321E58475300723C0C /* Info.plist */,
				8DF7C73D1E5847E600723C0C /* LWWatchFaceColor.h */,
				8DF7C73E1E5847E600723C0C /* LWWatchFaceColor.m */,
			);
			path = Color;
			sourceTree = "<group>";
		};
/* End PBXGroup section */

/* Begin PBXNativeTarget section */
		8DF7C6E21E577C7400723C0C /* Simple */ = {
			isa = PBXNativeTarget;
			buildConfigurationList = 8DF7C6E91E577C7400723C0C /* Build configuration list for PBXNativeTarget "Simple" */;
			buildPhases = (
				8DF7C6DF1E577C7400723C0C /* Sources */,
				8DF7C6E01E577C7400723C0C /* Frameworks */,
				8DF7C6E11E577C7400723C0C /* Resources */,
				8DF7C6F01E577E4400723C0C /* ShellScript */,
			);
			buildRules = (
			);
			dependencies = (
			);
			name = Simple;
			productName = Simple;
			productReference = 8DF7C6E31E577C7400723C0C /* Simple.watchface */;
			productType = "com.apple.product-type.bundle";
		};
		8DF7C72F1E58475300723C0C /* Color */ = {
			isa = PBXNativeTarget;
			buildConfigurationList = 8DF7C7331E58475300723C0C /* Build configuration list for PBXNativeTarget "Color" */;
			buildPhases = (
				8DF7C72C1E58475300723C0C /* Sources */,
				8DF7C72D1E58475300723C0C /* Frameworks */,
				8DF7C72E1E58475300723C0C /* Resources */,
				8DF7C7361E58476200723C0C /* ShellScript */,
			);
			buildRules = (
			);
			dependencies = (
			);
			name = Color;
			productName = Color;
			productReference = 8DF7C7301E58475300723C0C /* Color.watchface */;
			productType = "com.apple.product-type.bundle";
		};
/* End PBXNativeTarget section */

/* Begin PBXProject section */
		8D13AD1E1E571D2600F8F981 /* Project object */ = {
			isa = PBXProject;
			attributes = {
				LastUpgradeCheck = 0820;
				TargetAttributes = {
					8DF7C6E21E577C7400723C0C = {
						CreatedOnToolsVersion = 8.2.1;
						DevelopmentTeam = EDV7C8ZP77;
						ProvisioningStyle = Automatic;
					};
					8DF7C72F1E58475300723C0C = {
						CreatedOnToolsVersion = 8.2.1;
						DevelopmentTeam = EDV7C8ZP77;
						ProvisioningStyle = Automatic;
					};
				};
			};
			buildConfigurationList = 8D13AD211E571D2600F8F981 /* Build configuration list for PBXProject "WatchFaces" */;
			compatibilityVersion = "Xcode 3.2";
			developmentRegion = English;
			hasScannedForEncodings = 0;
			knownRegions = (
				en,
				de,
			);
			mainGroup = 8D13AD1D1E571D2600F8F981;
			productRefGroup = 8DF7C6E41E577C7400723C0C /* Products */;
			projectDirPath = "";
			projectRoot = "";
			targets = (
				8DF7C6E21E577C7400723C0C /* Simple */,
				8DF7C72F1E58475300723C0C /* Color */,
			);
		};
/* End PBXProject section */

/* Begin PBXResourcesBuildPhase section */
		8DF7C6E11E577C7400723C0C /* Resources */ = {
			isa = PBXResourcesBuildPhase;
			buildActionMask = 2147483647;
			files = (
				8D013E761E584D950084078C /* InfoPlist.strings in Resources */,
			);
			runOnlyForDeploymentPostprocessing = 0;
		};
		8DF7C72E1E58475300723C0C /* Resources */ = {
			isa = PBXResourcesBuildPhase;
			buildActionMask = 2147483647;
			files = (
				8DC79D8C1E58828700FF0809 /* InfoPlist.strings in Resources */,
			);
			runOnlyForDeploymentPostprocessing = 0;
		};
/* End PBXResourcesBuildPhase section */

/* Begin PBXShellScriptBuildPhase section */
		8DF7C6F01E577E4400723C0C /* ShellScript */ = {
			isa = PBXShellScriptBuildPhase;
			buildActionMask = 2147483647;
			files = (
			);
			inputPaths = (
			);
			outputPaths = (
			);
			runOnlyForDeploymentPostprocessing = 0;
			shellPath = /bin/sh;
			shellScript = "# Fix that code signing\ncodesign --force --sign - --timestamp=none $CODESIGNING_FOLDER_PATH/$PRODUCT_NAME\n\n# Place the watch face inside a folder to test with the simulator\nif [ ${PLATFORM_NAME} == \"iphonesimulator\" ]\nthen\n    rm -rf /opt/simject/FESTIVAL/LockWatch/Watch\\ Faces/$PRODUCT_NAME.$WRAPPER_EXTENSION/\n    cp -R $CODESIGNING_FOLDER_PATH/. /opt/simject/FESTIVAL/LockWatch/Watch\\ Faces/$PRODUCT_NAME.$WRAPPER_EXTENSION/\nfi";
		};
		8DF7C7361E58476200723C0C /* ShellScript */ = {
			isa = PBXShellScriptBuildPhase;
			buildActionMask = 2147483647;
			files = (
			);
			inputPaths = (
			);
			outputPaths = (
			);
			runOnlyForDeploymentPostprocessing = 0;
			shellPath = /bin/sh;
			shellScript = "# Fix that code signing\ncodesign --force --sign - --timestamp=none $CODESIGNING_FOLDER_PATH/$PRODUCT_NAME\n\n# Place the watch face inside a folder to test with the simulator\nif [ ${PLATFORM_NAME} == \"iphonesimulator\" ]\nthen\nrm -rf /opt/simject/FESTIVAL/LockWatch/Watch\\ Faces/$PRODUCT_NAME.$WRAPPER_EXTENSION/\ncp -R $CODESIGNING_FOLDER_PATH/. /opt/simject/FESTIVAL/LockWatch/Watch\\ Faces/$PRODUCT_NAME.$WRAPPER_EXTENSION/\nfi";
		};
/* End PBXShellScriptBuildPhase section */

/* Begin PBXSourcesBuildPhase section */
		8DF7C6DF1E577C7400723C0C /* Sources */ = {
			isa = PBXSourcesBuildPhase;
			buildActionMask = 2147483647;
			files = (
				8DF7C6EF1E577D7B00723C0C /* LWWatchFaceSimple.m in Sources */,
			);
			runOnlyForDeploymentPostprocessing = 0;
		};
		8DF7C72C1E58475300723C0C /* Sources */ = {
			isa = PBXSourcesBuildPhase;
			buildActionMask = 2147483647;
			files = (
				8DF7C73F1E5847E600723C0C /* LWWatchFaceColor.m in Sources */,
			);
			runOnlyForDeploymentPostprocessing = 0;
		};
/* End PBXSourcesBuildPhase section */

/* Begin PBXVariantGroup section */
		8D013E741E584D950084078C /* InfoPlist.strings */ = {
			isa = PBXVariantGroup;
			children = (
				8D013E751E584D950084078C /* en */,
				8D013E771E584D9E0084078C /* de */,
			);
			name = InfoPlist.strings;
			sourceTree = "<group>";
		};
		8DC79D8A1E58828700FF0809 /* InfoPlist.strings */ = {
			isa = PBXVariantGroup;
			children = (
				8DC79D8B1E58828700FF0809 /* en */,
				8DC79D8D1E58828C00FF0809 /* de */,
			);
			name = InfoPlist.strings;
			sourceTree = "<group>";
		};
/* End PBXVariantGroup section */

/* Begin XCBuildConfiguration section */
		8D13AD221E571D2600F8F981 /* Debug */ = {
			isa = XCBuildConfiguration;
			buildSettings = {
				CLANG_ANALYZER_LOCALIZABILITY_NONLOCALIZED = YES;
			};
			name = Debug;
		};
		8D13AD231E571D2600F8F981 /* Release */ = {
			isa = XCBuildConfiguration;
			buildSettings = {
				CLANG_ANALYZER_LOCALIZABILITY_NONLOCALIZED = YES;
			};
			name = Release;
		};
		8DF7C6E71E577C7400723C0C /* Debug */ = {
			isa = XCBuildConfiguration;
			buildSettings = {
				ALWAYS_SEARCH_USER_PATHS = NO;
				CLANG_ANALYZER_NONNULL = YES;
				CLANG_CXX_LANGUAGE_STANDARD = "gnu++0x";
				CLANG_CXX_LIBRARY = "libc++";
				CLANG_ENABLE_MODULES = YES;
				CLANG_ENABLE_OBJC_ARC = YES;
				CLANG_WARN_BOOL_CONVERSION = YES;
				CLANG_WARN_CONSTANT_CONVERSION = YES;
				CLANG_WARN_DIRECT_OBJC_ISA_USAGE = YES_ERROR;
				CLANG_WARN_DOCUMENTATION_COMMENTS = YES;
				CLANG_WARN_EMPTY_BODY = YES;
				CLANG_WARN_ENUM_CONVERSION = YES;
				CLANG_WARN_INFINITE_RECURSION = YES;
				CLANG_WARN_INT_CONVERSION = YES;
				CLANG_WARN_OBJC_ROOT_CLASS = YES_ERROR;
				CLANG_WARN_SUSPICIOUS_MOVE = YES;
				CLANG_WARN_UNREACHABLE_CODE = YES;
				CLANG_WARN__DUPLICATE_METHOD_MATCH = YES;
				CODE_SIGN_IDENTITY = "-";
				COMBINE_HIDPI_IMAGES = YES;
				COPY_PHASE_STRIP = NO;
				DEBUG_INFORMATION_FORMAT = dwarf;
				DEVELOPMENT_TEAM = EDV7C8ZP77;
				ENABLE_BITCODE = NO;
				ENABLE_STRICT_OBJC_MSGSEND = YES;
				ENABLE_TESTABILITY = YES;
				FRAMEWORK_SEARCH_PATHS = "$(PROJECT_DIR)/../LockWatch";
				GCC_C_LANGUAGE_STANDARD = gnu99;
				GCC_DYNAMIC_NO_PIC = NO;
				GCC_NO_COMMON_BLOCKS = YES;
				GCC_OPTIMIZATION_LEVEL = 0;
				GCC_PREPROCESSOR_DEFINITIONS = (
					"DEBUG=1",
					"$(inherited)",
				);
				GCC_WARN_64_TO_32_BIT_CONVERSION = YES;
				GCC_WARN_ABOUT_RETURN_TYPE = YES_ERROR;
				GCC_WARN_UNDECLARED_SELECTOR = YES;
				GCC_WARN_UNINITIALIZED_AUTOS = YES_AGGRESSIVE;
				GCC_WARN_UNUSED_FUNCTION = YES;
				GCC_WARN_UNUSED_VARIABLE = YES;
				INFOPLIST_FILE = Simple/Info.plist;
				INSTALL_PATH = "$(LOCAL_LIBRARY_DIR)/Bundles";
				MACOSX_DEPLOYMENT_TARGET = 10.12;
				MTL_ENABLE_DEBUG_INFO = YES;
				ONLY_ACTIVE_ARCH = NO;
				PRODUCT_BUNDLE_IDENTIFIER = ml.festival.watchface.Simple;
				PRODUCT_NAME = "$(TARGET_NAME)";
				SDKROOT = iphoneos10.2;
				SKIP_INSTALL = YES;
				WRAPPER_EXTENSION = watchface;
			};
			name = Debug;
		};
		8DF7C6E81E577C7400723C0C /* Release */ = {
			isa = XCBuildConfiguration;
			buildSettings = {
				ALWAYS_SEARCH_USER_PATHS = NO;
				CLANG_ANALYZER_NONNULL = YES;
				CLANG_CXX_LANGUAGE_STANDARD = "gnu++0x";
				CLANG_CXX_LIBRARY = "libc++";
				CLANG_ENABLE_MODULES = YES;
				CLANG_ENABLE_OBJC_ARC = YES;
				CLANG_WARN_BOOL_CONVERSION = YES;
				CLANG_WARN_CONSTANT_CONVERSION = YES;
				CLANG_WARN_DIRECT_OBJC_ISA_USAGE = YES_ERROR;
				CLANG_WARN_DOCUMENTATION_COMMENTS = YES;
				CLANG_WARN_EMPTY_BODY = YES;
				CLANG_WARN_ENUM_CONVERSION = YES;
				CLANG_WARN_INFINITE_RECURSION = YES;
				CLANG_WARN_INT_CONVERSION = YES;
				CLANG_WARN_OBJC_ROOT_CLASS = YES_ERROR;
				CLANG_WARN_SUSPICIOUS_MOVE = YES;
				CLANG_WARN_UNREACHABLE_CODE = YES;
				CLANG_WARN__DUPLICATE_METHOD_MATCH = YES;
				CODE_SIGN_IDENTITY = "-";
				COMBINE_HIDPI_IMAGES = YES;
				COPY_PHASE_STRIP = NO;
				DEBUG_INFORMATION_FORMAT = "dwarf-with-dsym";
				DEVELOPMENT_TEAM = EDV7C8ZP77;
				ENABLE_BITCODE = NO;
				ENABLE_NS_ASSERTIONS = NO;
				ENABLE_STRICT_OBJC_MSGSEND = YES;
				FRAMEWORK_SEARCH_PATHS = "$(PROJECT_DIR)/../LockWatch";
				GCC_C_LANGUAGE_STANDARD = gnu99;
				GCC_NO_COMMON_BLOCKS = YES;
				GCC_WARN_64_TO_32_BIT_CONVERSION = YES;
				GCC_WARN_ABOUT_RETURN_TYPE = YES_ERROR;
				GCC_WARN_UNDECLARED_SELECTOR = YES;
				GCC_WARN_UNINITIALIZED_AUTOS = YES_AGGRESSIVE;
				GCC_WARN_UNUSED_FUNCTION = YES;
				GCC_WARN_UNUSED_VARIABLE = YES;
				INFOPLIST_FILE = Simple/Info.plist;
				INSTALL_PATH = "$(LOCAL_LIBRARY_DIR)/Bundles";
				MACOSX_DEPLOYMENT_TARGET = 10.12;
				MTL_ENABLE_DEBUG_INFO = NO;
				ONLY_ACTIVE_ARCH = NO;
				PRODUCT_BUNDLE_IDENTIFIER = ml.festival.watchface.Simple;
				PRODUCT_NAME = "$(TARGET_NAME)";
				SDKROOT = iphoneos10.2;
				SKIP_INSTALL = YES;
				WRAPPER_EXTENSION = watchface;
			};
			name = Release;
		};
		8DF7C7341E58475300723C0C /* Debug */ = {
			isa = XCBuildConfiguration;
			buildSettings = {
				ALWAYS_SEARCH_USER_PATHS = NO;
				CLANG_ANALYZER_NONNULL = YES;
				CLANG_CXX_LANGUAGE_STANDARD = "gnu++0x";
				CLANG_CXX_LIBRARY = "libc++";
				CLANG_ENABLE_MODULES = YES;
				CLANG_ENABLE_OBJC_ARC = YES;
				CLANG_WARN_BOOL_CONVERSION = YES;
				CLANG_WARN_CONSTANT_CONVERSION = YES;
				CLANG_WARN_DIRECT_OBJC_ISA_USAGE = YES_ERROR;
				CLANG_WARN_DOCUMENTATION_COMMENTS = YES;
				CLANG_WARN_EMPTY_BODY = YES;
				CLANG_WARN_ENUM_CONVERSION = YES;
				CLANG_WARN_INFINITE_RECURSION = YES;
				CLANG_WARN_INT_CONVERSION = YES;
				CLANG_WARN_OBJC_ROOT_CLASS = YES_ERROR;
				CLANG_WARN_SUSPICIOUS_MOVE = YES;
				CLANG_WARN_UNREACHABLE_CODE = YES;
				CLANG_WARN__DUPLICATE_METHOD_MATCH = YES;
				CODE_SIGN_IDENTITY = "-";
				COMBINE_HIDPI_IMAGES = YES;
				COPY_PHASE_STRIP = NO;
				DEBUG_INFORMATION_FORMAT = dwarf;
				DEVELOPMENT_TEAM = EDV7C8ZP77;
				ENABLE_BITCODE = NO;
				ENABLE_STRICT_OBJC_MSGSEND = YES;
				ENABLE_TESTABILITY = YES;
				GCC_C_LANGUAGE_STANDARD = gnu99;
				GCC_DYNAMIC_NO_PIC = NO;
				GCC_NO_COMMON_BLOCKS = YES;
				GCC_OPTIMIZATION_LEVEL = 0;
				GCC_PREPROCESSOR_DEFINITIONS = (
					"DEBUG=1",
					"$(inherited)",
				);
				GCC_WARN_64_TO_32_BIT_CONVERSION = YES;
				GCC_WARN_ABOUT_RETURN_TYPE = YES_ERROR;
				GCC_WARN_UNDECLARED_SELECTOR = YES;
				GCC_WARN_UNINITIALIZED_AUTOS = YES_AGGRESSIVE;
				GCC_WARN_UNUSED_FUNCTION = YES;
				GCC_WARN_UNUSED_VARIABLE = YES;
				INFOPLIST_FILE = Color/Info.plist;
				INSTALL_PATH = "$(LOCAL_LIBRARY_DIR)/Bundles";
				MACOSX_DEPLOYMENT_TARGET = 10.12;
				MTL_ENABLE_DEBUG_INFO = YES;
				ONLY_ACTIVE_ARCH = YES;
				PRODUCT_BUNDLE_IDENTIFIER = ml.festival.watchface.Color;
				PRODUCT_NAME = "$(TARGET_NAME)";
				SDKROOT = iphoneos10.2;
				SKIP_INSTALL = YES;
				WRAPPER_EXTENSION = watchface;
			};
			name = Debug;
		};
		8DF7C7351E58475300723C0C /* Release */ = {
			isa = XCBuildConfiguration;
			buildSettings = {
				ALWAYS_SEARCH_USER_PATHS = NO;
				CLANG_ANALYZER_NONNULL = YES;
				CLANG_CXX_LANGUAGE_STANDARD = "gnu++0x";
				CLANG_CXX_LIBRARY = "libc++";
				CLANG_ENABLE_MODULES = YES;
				CLANG_ENABLE_OBJC_ARC = YES;
				CLANG_WARN_BOOL_CONVERSION = YES;
				CLANG_WARN_CONSTANT_CONVERSION = YES;
				CLANG_WARN_DIRECT_OBJC_ISA_USAGE = YES_ERROR;
				CLANG_WARN_DOCUMENTATION_COMMENTS = YES;
				CLANG_WARN_EMPTY_BODY = YES;
				CLANG_WARN_ENUM_CONVERSION = YES;
				CLANG_WARN_INFINITE_RECURSION = YES;
				CLANG_WARN_INT_CONVERSION = YES;
				CLANG_WARN_OBJC_ROOT_CLASS = YES_ERROR;
				CLANG_WARN_SUSPICIOUS_MOVE = YES;
				CLANG_WARN_UNREACHABLE_CODE = YES;
				CLANG_WARN__DUPLICATE_METHOD_MATCH = YES;
				CODE_SIGN_IDENTITY = "-";
				COMBINE_HIDPI_IMAGES = YES;
				COPY_PHASE_STRIP = NO;
				DEBUG_INFORMATION_FORMAT = "dwarf-with-dsym";
				DEVELOPMENT_TEAM = EDV7C8ZP77;
				ENABLE_BITCODE = NO;
				ENABLE_NS_ASSERTIONS = NO;
				ENABLE_STRICT_OBJC_MSGSEND = YES;
				GCC_C_LANGUAGE_STANDARD = gnu99;
				GCC_NO_COMMON_BLOCKS = YES;
				GCC_WARN_64_TO_32_BIT_CONVERSION = YES;
				GCC_WARN_ABOUT_RETURN_TYPE = YES_ERROR;
				GCC_WARN_UNDECLARED_SELECTOR = YES;
				GCC_WARN_UNINITIALIZED_AUTOS = YES_AGGRESSIVE;
				GCC_WARN_UNUSED_FUNCTION = YES;
				GCC_WARN_UNUSED_VARIABLE = YES;
				INFOPLIST_FILE = Color/Info.plist;
				INSTALL_PATH = "$(LOCAL_LIBRARY_DIR)/Bundles";
				MACOSX_DEPLOYMENT_TARGET = 10.12;
				MTL_ENABLE_DEBUG_INFO = NO;
				PRODUCT_BUNDLE_IDENTIFIER = ml.festival.watchface.Color;
				PRODUCT_NAME = "$(TARGET_NAME)";
				SDKROOT = iphoneos10.2;
				SKIP_INSTALL = YES;
				WRAPPER_EXTENSION = watchface;
			};
			name = Release;
		};
/* End XCBuildConfiguration section */

/* Begin XCConfigurationList section */
		8D13AD211E571D2600F8F981 /* Build configuration list for PBXProject "WatchFaces" */ = {
			isa = XCConfigurationList;
			buildConfigurations = (
				8D13AD221E571D2600F8F981 /* Debug */,
				8D13AD231E571D2600F8F981 /* Release */,
			);
			defaultConfigurationIsVisible = 0;
			defaultConfigurationName = Release;
		};
		8DF7C6E91E577C7400723C0C /* Build configuration list for PBXNativeTarget "Simple" */ = {
			isa = XCConfigurationList;
			buildConfigurations = (
				8DF7C6E71E577C7400723C0C /* Debug */,
				8DF7C6E81E577C7400723C0C /* Release */,
			);
			defaultConfigurationIsVisible = 0;
			defaultConfigurationName = Release;
		};
		8DF7C7331E58475300723C0C /* Build configuration list for PBXNativeTarget "Color" */ = {
			isa = XCConfigurationList;
			buildConfigurations = (
				8DF7C7341E58475300723C0C /* Debug */,
				8DF7C7351E58475300723C0C /* Release */,
			);
			defaultConfigurationIsVisible = 0;
			defaultConfigurationName = Release;
		};
/* End XCConfigurationList section */
	};
	rootObject = 8D13AD1E1E571D2600F8F981 /* Project object */;
}
